// !$*UTF8*$!
{
	archiveVersion = 1;
	classes = {
	};
	objectVersion = 46;
	objects = {

/* Begin PBXBuildFile section */
		1817F7F21A5795EE0081D04D /* AppDelegate.swift in Sources */ = {isa = PBXBuildFile; fileRef = 1817F7F11A5795EE0081D04D /* AppDelegate.swift */; };
		1817F7F51A5795EE0081D04D /* ios02.xcdatamodeld in Sources */ = {isa = PBXBuildFile; fileRef = 1817F7F31A5795EE0081D04D /* ios02.xcdatamodeld */; };
		1817F7F71A5795EE0081D04D /* ViewController.swift in Sources */ = {isa = PBXBuildFile; fileRef = 1817F7F61A5795EE0081D04D /* ViewController.swift */; };
		1817F7FA1A5795EE0081D04D /* Main.storyboard in Resources */ = {isa = PBXBuildFile; fileRef = 1817F7F81A5795EE0081D04D /* Main.storyboard */; };
		1817F7FC1A5795EE0081D04D /* Images.xcassets in Resources */ = {isa = PBXBuildFile; fileRef = 1817F7FB1A5795EE0081D04D /* Images.xcassets */; };
		1817F7FF1A5795EE0081D04D /* LaunchScreen.xib in Resources */ = {isa = PBXBuildFile; fileRef = 1817F7FD1A5795EE0081D04D /* LaunchScreen.xib */; };
		1817F80B1A5795EE0081D04D /* ios02Tests.swift in Sources */ = {isa = PBXBuildFile; fileRef = 1817F80A1A5795EE0081D04D /* ios02Tests.swift */; };
		1817F8151A57984F0081D04D /* TableViewController.swift in Sources */ = {isa = PBXBuildFile; fileRef = 1817F8141A57984F0081D04D /* TableViewController.swift */; };
/* End PBXBuildFile section */

/* Begin PBXContainerItemProxy section */
		1817F8051A5795EE0081D04D /* PBXContainerItemProxy */ = {
			isa = PBXContainerItemProxy;
			containerPortal = 1817F7E41A5795EE0081D04D /* Project object */;
			proxyType = 1;
			remoteGlobalIDString = 1817F7EB1A5795EE0081D04D;
			remoteInfo = ios02;
		};
/* End PBXContainerItemProxy section */

/* Begin PBXFileReference section */
		1817F7EC1A5795EE0081D04D /* ios02.app */ = {isa = PBXFileReference; explicitFileType = wrapper.application; includeInIndex = 0; path = ios02.app; sourceTree = BUILT_PRODUCTS_DIR; };
		1817F7F01A5795EE0081D04D /* Info.plist */ = {isa = PBXFileReference; lastKnownFileType = text.plist.xml; path = Info.plist; sourceTree = "<group>"; };
		1817F7F11A5795EE0081D04D /* AppDelegate.swift */ = {isa = PBXFileReference; lastKnownFileType = sourcecode.swift; path = AppDelegate.swift; sourceTree = "<group>"; };
		1817F7F41A5795EE0081D04D /* ios02.xcdatamodel */ = {isa = PBXFileReference; lastKnownFileType = wrapper.xcdatamodel; path = ios02.xcdatamodel; sourceTree = "<group>"; };
		1817F7F61A5795EE0081D04D /* ViewController.swift */ = {isa = PBXFileReference; lastKnownFileType = sourcecode.swift; path = ViewController.swift; sourceTree = "<group>"; };
		1817F7F91A5795EE0081D04D /* Base */ = {isa = PBXFileReference; lastKnownFileType = file.storyboard; name = Base; path = Base.lproj/Main.storyboard; sourceTree = "<group>"; };
		1817F7FB1A5795EE0081D04D /* Images.xcassets */ = {isa = PBXFileReference; lastKnownFileType = folder.assetcatalog; path = Images.xcassets; sourceTree = "<group>"; };
		1817F7FE1A5795EE0081D04D /* Base */ = {isa = PBXFileReference; lastKnownFileType = file.xib; name = Base; path = Base.lproj/LaunchScreen.xib; sourceTree = "<group>"; };
		1817F8041A5795EE0081D04D /* ios02Tests.xctest */ = {isa = PBXFileReference; explicitFileType = wrapper.cfbundle; includeInIndex = 0; path = ios02Tests.xctest; sourceTree = BUILT_PRODUCTS_DIR; };
		1817F8091A5795EE0081D04D /* Info.plist */ = {isa = PBXFileReference; lastKnownFileType = text.plist.xml; path = Info.plist; sourceTree = "<group>"; };
		1817F80A1A5795EE0081D04D /* ios02Tests.swift */ = {isa = PBXFileReference; lastKnownFileType = sourcecode.swift; path = ios02Tests.swift; sourceTree = "<group>"; };
		1817F8141A57984F0081D04D /* TableViewController.swift */ = {isa = PBXFileReference; fileEncoding = 4; lastKnownFileType = sourcecode.swift; path = TableViewController.swift; sourceTree = "<group>"; };
/* End PBXFileReference section */

/* Begin PBXFrameworksBuildPhase section */
		1817F7E91A5795EE0081D04D /* Frameworks */ = {
			isa = PBXFrameworksBuildPhase;
			buildActionMask = 2147483647;
			files = (
			);
			runOnlyForDeploymentPostprocessing = 0;
		};
		1817F8011A5795EE0081D04D /* Frameworks */ = {
			isa = PBXFrameworksBuildPhase;
			buildActionMask = 2147483647;
			files = (
			);
			runOnlyForDeploymentPostprocessing = 0;
		};
/* End PBXFrameworksBuildPhase section */

/* Begin PBXGroup section */
		1817F7E31A5795EE0081D04D = {
			isa = PBXGroup;
			children = (
				1817F7EE1A5795EE0081D04D /* ios02 */,
				1817F8071A5795EE0081D04D /* ios02Tests */,
				1817F7ED1A5795EE0081D04D /* Products */,
			);
			sourceTree = "<group>";
		};
		1817F7ED1A5795EE0081D04D /* Products */ = {
			isa = PBXGroup;
			children = (
				1817F7EC1A5795EE0081D04D /* ios02.app */,
				1817F8041A5795EE0081D04D /* ios02Tests.xctest */,
			);
			name = Products;
			sourceTree = "<group>";
		};
		1817F7EE1A5795EE0081D04D /* ios02 */ = {
			isa = PBXGroup;
			children = (
				1817F7F11A5795EE0081D04D /* AppDelegate.swift */,
				1817F7F61A5795EE0081D04D /* ViewController.swift */,
				1817F7F81A5795EE0081D04D /* Main.storyboard */,
				1817F7FB1A5795EE0081D04D /* Images.xcassets */,
				1817F7FD1A5795EE0081D04D /* LaunchScreen.xib */,
				1817F7F31A5795EE0081D04D /* ios02.xcdatamodeld */,
				1817F7EF1A5795EE0081D04D /* Supporting Files */,
				1817F8141A57984F0081D04D /* TableViewController.swift */,
			);
			path = ios02;
			sourceTree = "<group>";
		};
		1817F7EF1A5795EE0081D04D /* Supporting Files */ = {
			isa = PBXGroup;
			children = (
				1817F7F01A5795EE0081D04D /* Info.plist */,
			);
			name = "Supporting Files";
			sourceTree = "<group>";
		};
		1817F8071A5795EE0081D04D /* ios02Tests */ = {
			isa = PBXGroup;
			children = (
				1817F80A1A5795EE0081D04D /* ios02Tests.swift */,
				1817F8081A5795EE0081D04D /* Supporting Files */,
			);
			path = ios02Tests;
			sourceTree = "<group>";
		};
		1817F8081A5795EE0081D04D /* Supporting Files */ = {
			isa = PBXGroup;
			children = (
				1817F8091A5795EE0081D04D /* Info.plist */,
			);
			name = "Supporting Files";
			sourceTree = "<group>";
		};
/* End PBXGroup section */

/* Begin PBXNativeTarget section */
		1817F7EB1A5795EE0081D04D /* ios02 */ = {
			isa = PBXNativeTarget;
			buildConfigurationList = 1817F80E1A5795EE0081D04D /* Build configuration list for PBXNativeTarget "ios02" */;
			buildPhases = (
				1817F7E81A5795EE0081D04D /* Sources */,
				1817F7E91A5795EE0081D04D /* Frameworks */,
				1817F7EA1A5795EE0081D04D /* Resources */,
			);
			buildRules = (
			);
			dependencies = (
			);
			name = ios02;
			productName = ios02;
			productReference = 1817F7EC1A5795EE0081D04D /* ios02.app */;
			productType = "com.apple.product-type.application";
		};
		1817F8031A5795EE0081D04D /* ios02Tests */ = {
			isa = PBXNativeTarget;
			buildConfigurationList = 1817F8111A5795EE0081D04D /* Build configuration list for PBXNativeTarget "ios02Tests" */;
			buildPhases = (
				1817F8001A5795EE0081D04D /* Sources */,
				1817F8011A5795EE0081D04D /* Frameworks */,
				1817F8021A5795EE0081D04D /* Resources */,
			);
			buildRules = (
			);
			dependencies = (
				1817F8061A5795EE0081D04D /* PBXTargetDependency */,
			);
			name = ios02Tests;
			productName = ios02Tests;
			productReference = 1817F8041A5795EE0081D04D /* ios02Tests.xctest */;
			productType = "com.apple.product-type.bundle.unit-test";
		};
/* End PBXNativeTarget section */

/* Begin PBXProject section */
		1817F7E41A5795EE0081D04D /* Project object */ = {
			isa = PBXProject;
			attributes = {
				LastUpgradeCheck = 0610;
				ORGANIZATIONNAME = apple;
				TargetAttributes = {
					1817F7EB1A5795EE0081D04D = {
						CreatedOnToolsVersion = 6.1;
					};
					1817F8031A5795EE0081D04D = {
						CreatedOnToolsVersion = 6.1;
						TestTargetID = 1817F7EB1A5795EE0081D04D;
					};
				};
			};
			buildConfigurationList = 1817F7E71A5795EE0081D04D /* Build configuration list for PBXProject "ios02" */;
			compatibilityVersion = "Xcode 3.2";
			developmentRegion = English;
			hasScannedForEncodings = 0;
			knownRegions = (
				en,
				Base,
			);
			mainGroup = 1817F7E31A5795EE0081D04D;
			productRefGroup = 1817F7ED1A5795EE0081D04D /* Products */;
			projectDirPath = "";
			projectRoot = "";
			targets = (
				1817F7EB1A5795EE0081D04D /* ios02 */,
				1817F8031A5795EE0081D04D /* ios02Tests */,
			);
		};
/* End PBXProject section */

/* Begin PBXResourcesBuildPhase section */
		1817F7EA1A5795EE0081D04D /* Resources */ = {
			isa = PBXResourcesBuildPhase;
			buildActionMask = 2147483647;
			files = (
				1817F7FA1A5795EE0081D04D /* Main.storyboard in Resources */,
				1817F7FF1A5795EE0081D04D /* LaunchScreen.xib in Resources */,
				1817F7FC1A5795EE0081D04D /* Images.xcassets in Resources */,
			);
			runOnlyForDeploymentPostprocessing = 0;
		};
		1817F8021A5795EE0081D04D /* Resources */ = {
			isa = PBXResourcesBuildPhase;
			buildActionMask = 2147483647;
			files = (
			);
			runOnlyForDeploymentPostprocessing = 0;
		};
/* End PBXResourcesBuildPhase section */

/* Begin PBXSourcesBuildPhase section */
		1817F7E81A5795EE0081D04D /* Sources */ = {
			isa = PBXSourcesBuildPhase;
			buildActionMask = 2147483647;
			files = (
				1817F7F71A5795EE0081D04D /* ViewController.swift in Sources */,
				1817F7F21A5795EE0081D04D /* AppDelegate.swift in Sources */,
				1817F7F51A5795EE0081D04D /* ios02.xcdatamodeld in Sources */,
				1817F8151A57984F0081D04D /* TableViewController.swift in Sources */,
			);
			runOnlyForDeploymentPostprocessing = 0;
		};
		1817F8001A5795EE0081D04D /* Sources */ = {
			isa = PBXSourcesBuildPhase;
			buildActionMask = 2147483647;
			files = (
				1817F80B1A5795EE0081D04D /* ios02Tests.swift in Sources */,
			);
			runOnlyForDeploymentPostprocessing = 0;
		};
/* End PBXSourcesBuildPhase section */

/* Begin PBXTargetDependency section */
		1817F8061A5795EE0081D04D /* PBXTargetDependency */ = {
			isa = PBXTargetDependency;
			target = 1817F7EB1A5795EE0081D04D /* ios02 */;
			targetProxy = 1817F8051A5795EE0081D04D /* PBXContainerItemProxy */;
		};
/* End PBXTargetDependency section */

/* Begin PBXVariantGroup section */
		1817F7F81A5795EE0081D04D /* Main.storyboard */ = {
			isa = PBXVariantGroup;
			children = (
				1817F7F91A5795EE0081D04D /* Base */,
			);
			name = Main.storyboard;
			sourceTree = "<group>";
		};
		1817F7FD1A5795EE0081D04D /* LaunchScreen.xib */ = {
			isa = PBXVariantGroup;
			children = (
				1817F7FE1A5795EE0081D04D /* Base */,
			);
			name = LaunchScreen.xib;
			sourceTree = "<group>";
		};
/* End PBXVariantGroup section */

/* Begin XCBuildConfiguration section */
		1817F80C1A5795EE0081D04D /* Debug */ = {
			isa = XCBuildConfiguration;
			buildSettings = {
				ALWAYS_SEARCH_USER_PATHS = NO;
				CLANG_CXX_LANGUAGE_STANDARD = "gnu++0x";
				CLANG_CXX_LIBRARY = "libc++";
				CLANG_ENABLE_MODULES = YES;
				CLANG_ENABLE_OBJC_ARC = YES;
				CLANG_WARN_BOOL_CONVERSION = YES;
				CLANG_WARN_CONSTANT_CONVERSION = YES;
				CLANG_WARN_DIRECT_OBJC_ISA_USAGE = YES_ERROR;
				CLANG_WARN_EMPTY_BODY = YES;
				CLANG_WARN_ENUM_CONVERSION = YES;
				CLANG_WARN_INT_CONVERSION = YES;
				CLANG_WARN_OBJC_ROOT_CLASS = YES_ERROR;
				CLANG_WARN_UNREACHABLE_CODE = YES;
				CLANG_WARN__DUPLICATE_METHOD_MATCH = YES;
				"CODE_SIGN_IDENTITY[sdk=iphoneos*]" = "iPhone Developer";
				COPY_PHASE_STRIP = NO;
				ENABLE_STRICT_OBJC_MSGSEND = YES;
				GCC_C_LANGUAGE_STANDARD = gnu99;
				GCC_DYNAMIC_NO_PIC = NO;
				GCC_OPTIMIZATION_LEVEL = 0;
				GCC_PREPROCESSOR_DEFINITIONS = (
					"DEBUG=1",
					"$(inherited)",
				);
				GCC_SYMBOLS_PRIVATE_EXTERN = NO;
				GCC_WARN_64_TO_32_BIT_CONVERSION = YES;
				GCC_WARN_ABOUT_RETURN_TYPE = YES_ERROR;
				GCC_WARN_UNDECLARED_SELECTOR = YES;
				GCC_WARN_UNINITIALIZED_AUTOS = YES_AGGRESSIVE;
				GCC_WARN_UNUSED_FUNCTION = YES;
				GCC_WARN_UNUSED_VARIABLE = YES;
				IPHONEOS_DEPLOYMENT_TARGET = 8.1;
				MTL_ENABLE_DEBUG_INFO = YES;
				ONLY_ACTIVE_ARCH = YES;
				SDKROOT = iphoneos;
				SWIFT_OPTIMIZATION_LEVEL = "-Onone";
			};
			name = Debug;
		};
		1817F80D1A5795EE0081D04D /* Release */ = {
			isa = XCBuildConfiguration;
			buildSettings = {
				ALWAYS_SEARCH_USER_PATHS = NO;
				CLANG_CXX_LANGUAGE_STANDARD = "gnu++0x";
				CLANG_CXX_LIBRARY = "libc++";
				CLANG_ENABLE_MODULES = YES;
				CLANG_ENABLE_OBJC_ARC = YES;
				CLANG_WARN_BOOL_CONVERSION = YES;
				CLANG_WARN_CONSTANT_CONVERSION = YES;
				CLANG_WARN_DIRECT_OBJC_ISA_USAGE = YES_ERROR;
				CLANG_WARN_EMPTY_BODY = YES;
				CLANG_WARN_ENUM_CONVERSION = YES;
				CLANG_WARN_INT_CONVERSION = YES;
				CLANG_WARN_OBJC_ROOT_CLASS = YES_ERROR;
				CLANG_WARN_UNREACHABLE_CODE = YES;
				CLANG_WARN__DUPLICATE_METHOD_MATCH = YES;
				"CODE_SIGN_IDENTITY[sdk=iphoneos*]" = "iPhone Developer";
				COPY_PHASE_STRIP = YES;
				ENABLE_NS_ASSERTIONS = NO;
				ENABLE_STRICT_OBJC_MSGSEND = YES;
				GCC_C_LANGUAGE_STANDARD = gnu99;
				GCC_WARN_64_TO_32_BIT_CONVERSION = YES;
				GCC_WARN_ABOUT_RETURN_TYPE = YES_ERROR;
				GCC_WARN_UNDECLARED_SELECTOR = YES;
				GCC_WARN_UNINITIALIZED_AUTOS = YES_AGGRESSIVE;
				GCC_WARN_UNUSED_FUNCTION = YES;
				GCC_WARN_UNUSED_VARIABLE = YES;
				IPHONEOS_DEPLOYMENT_TARGET = 8.1;
				MTL_ENABLE_DEBUG_INFO = NO;
				SDKROOT = iphoneos;
				VALIDATE_PRODUCT = YES;
			};
			name = Release;
		};
		1817F80F1A5795EE0081D04D /* Debug */ = {
			isa = XCBuildConfiguration;
			buildSettings = {
				ASSETCATALOG_COMPILER_APPICON_NAME = AppIcon;
				INFOPLIST_FILE = ios02/Info.plist;
				LD_RUNPATH_SEARCH_PATHS = "$(inherited) @executable_path/Frameworks";
				PRODUCT_NAME = "$(TARGET_NAME)";
			};
			name = Debug;
		};
		1817F8101A5795EE0081D04D /* Release */ = {
			isa = XCBuildConfiguration;
			buildSettings = {
				ASSETCATALOG_COMPILER_APPICON_NAME = AppIcon;
				INFOPLIST_FILE = ios02/Info.plist;
				LD_RUNPATH_SEARCH_PATHS = "$(inherited) @executable_path/Frameworks";
				PRODUCT_NAME = "$(TARGET_NAME)";
			};
			name = Release;
		};
		1817F8121A5795EE0081D04D /* Debug */ = {
			isa = XCBuildConfiguration;
			buildSettings = {
				BUNDLE_LOADER = "$(TEST_HOST)";
				FRAMEWORK_SEARCH_PATHS = (
					"$(SDKROOT)/Developer/Library/Frameworks",
					"$(inherited)",
				);
				GCC_PREPROCESSOR_DEFINITIONS = (
					"DEBUG=1",
					"$(inherited)",
				);
				INFOPLIST_FILE = ios02Tests/Info.plist;
				LD_RUNPATH_SEARCH_PATHS = "$(inherited) @executable_path/Frameworks @loader_path/Frameworks";
				PRODUCT_NAME = "$(TARGET_NAME)";
				TEST_HOST = "$(BUILT_PRODUCTS_DIR)/ios02.app/ios02";
			};
			name = Debug;
		};
		1817F8131A5795EE0081D04D /* Release */ = {
			isa = XCBuildConfiguration;
			buildSettings = {
				BUNDLE_LOADER = "$(TEST_HOST)";
				FRAMEWORK_SEARCH_PATHS = (
					"$(SDKROOT)/Developer/Library/Frameworks",
					"$(inherited)",
				);
				INFOPLIST_FILE = ios02Tests/Info.plist;
				LD_RUNPATH_SEARCH_PATHS = "$(inherited) @executable_path/Frameworks @loader_path/Frameworks";
				PRODUCT_NAME = "$(TARGET_NAME)";
				TEST_HOST = "$(BUILT_PRODUCTS_DIR)/ios02.app/ios02";
			};
			name = Release;
		};
/* End XCBuildConfiguration section */

/* Begin XCConfigurationList section */
		1817F7E71A5795EE0081D04D /* Build configuration list for PBXProject "ios02" */ = {
			isa = XCConfigurationList;
			buildConfigurations = (
				1817F80C1A5795EE0081D04D /* Debug */,
				1817F80D1A5795EE0081D04D /* Release */,
			);
			defaultConfigurationIsVisible = 0;
			defaultConfigurationName = Release;
		};
		1817F80E1A5795EE0081D04D /* Build configuration list for PBXNativeTarget "ios02" */ = {
			isa = XCConfigurationList;
			buildConfigurations = (
				1817F80F1A5795EE0081D04D /* Debug */,
				1817F8101A5795EE0081D04D /* Release */,
			);
			defaultConfigurationIsVisible = 0;
		};
		1817F8111A5795EE0081D04D /* Build configuration list for PBXNativeTarget "ios02Tests" */ = {
			isa = XCConfigurationList;
			buildConfigurations = (
				1817F8121A5795EE0081D04D /* Debug */,
				1817F8131A5795EE0081D04D /* Release */,
			);
			defaultConfigurationIsVisible = 0;
		};
/* End XCConfigurationList section */

/* Begin XCVersionGroup section */
		1817F7F31A5795EE0081D04D /* ios02.xcdatamodeld */ = {
			isa = XCVersionGroup;
			children = (
				1817F7F41A5795EE0081D04D /* ios02.xcdatamodel */,
			);
			currentVersion = 1817F7F41A5795EE0081D04D /* ios02.xcdatamodel */;
			path = ios02.xcdatamodeld;
			sourceTree = "<group>";
			versionGroupType = wrapper.xcdatamodel;
		};
/* End XCVersionGroup section */
	};
	rootObject = 1817F7E41A5795EE0081D04D /* Project object */;
}
